// !$*UTF8*$!
{
	archiveVersion = 1;
	classes = {
	};
	objectVersion = 46;
	objects = {

/* Begin PBXBuildFile section */
		CEE08BD91BA931E60004633B /* main.m in Sources */ = {isa = PBXBuildFile; fileRef = CEE08BD81BA931E60004633B /* main.m */; };
		CEE08BDC1BA931E60004633B /* AppDelegate.m in Sources */ = {isa = PBXBuildFile; fileRef = CEE08BDB1BA931E60004633B /* AppDelegate.m */; };
		CEE08BE41BA931E60004633B /* Assets.xcassets in Resources */ = {isa = PBXBuildFile; fileRef = CEE08BE31BA931E60004633B /* Assets.xcassets */; };
		CEE08BE71BA931E60004633B /* LaunchScreen.storyboard in Resources */ = {isa = PBXBuildFile; fileRef = CEE08BE51BA931E60004633B /* LaunchScreen.storyboard */; };
		CEE08BF11BA932380004633B /* RootViewController.m in Sources */ = {isa = PBXBuildFile; fileRef = CEE08BEF1BA932380004633B /* RootViewController.m */; settings = {ASSET_TAGS = (); }; };
		CEE08BF21BA932380004633B /* RootViewController.xib in Resources */ = {isa = PBXBuildFile; fileRef = CEE08BF01BA932380004633B /* RootViewController.xib */; settings = {ASSET_TAGS = (); }; };
		CEE08BF61BA932480004633B /* SecondViewController.m in Sources */ = {isa = PBXBuildFile; fileRef = CEE08BF41BA932480004633B /* SecondViewController.m */; settings = {ASSET_TAGS = (); }; };
		CEE08BF71BA932480004633B /* SecondViewController.xib in Resources */ = {isa = PBXBuildFile; fileRef = CEE08BF51BA932480004633B /* SecondViewController.xib */; settings = {ASSET_TAGS = (); }; };
		CEE08BFB1BA932540004633B /* ThirdViewController.m in Sources */ = {isa = PBXBuildFile; fileRef = CEE08BF91BA932540004633B /* ThirdViewController.m */; settings = {ASSET_TAGS = (); }; };
		CEE08BFC1BA932540004633B /* ThirdViewController.xib in Resources */ = {isa = PBXBuildFile; fileRef = CEE08BFA1BA932540004633B /* ThirdViewController.xib */; settings = {ASSET_TAGS = (); }; };
/* End PBXBuildFile section */

/* Begin PBXFileReference section */
		CEE08BD41BA931E60004633B /* NavigationExample.app */ = {isa = PBXFileReference; explicitFileType = wrapper.application; includeInIndex = 0; path = NavigationExample.app; sourceTree = BUILT_PRODUCTS_DIR; };
		CEE08BD81BA931E60004633B /* main.m */ = {isa = PBXFileReference; lastKnownFileType = sourcecode.c.objc; path = main.m; sourceTree = "<group>"; };
		CEE08BDA1BA931E60004633B /* AppDelegate.h */ = {isa = PBXFileReference; lastKnownFileType = sourcecode.c.h; path = AppDelegate.h; sourceTree = "<group>"; };
		CEE08BDB1BA931E60004633B /* AppDelegate.m */ = {isa = PBXFileReference; lastKnownFileType = sourcecode.c.objc; path = AppDelegate.m; sourceTree = "<group>"; };
		CEE08BE31BA931E60004633B /* Assets.xcassets */ = {isa = PBXFileReference; lastKnownFileType = folder.assetcatalog; path = Assets.xcassets; sourceTree = "<group>"; };
		CEE08BE61BA931E60004633B /* Base */ = {isa = PBXFileReference; lastKnownFileType = file.storyboard; name = Base; path = Base.lproj/LaunchScreen.storyboard; sourceTree = "<group>"; };
		CEE08BE81BA931E60004633B /* Info.plist */ = {isa = PBXFileReference; lastKnownFileType = text.plist.xml; path = Info.plist; sourceTree = "<group>"; };
		CEE08BEE1BA932380004633B /* RootViewController.h */ = {isa = PBXFileReference; fileEncoding = 4; lastKnownFileType = sourcecode.c.h; path = RootViewController.h; sourceTree = "<group>"; };
		CEE08BEF1BA932380004633B /* RootViewController.m */ = {isa = PBXFileReference; fileEncoding = 4; lastKnownFileType = sourcecode.c.objc; path = RootViewController.m; sourceTree = "<group>"; };
		CEE08BF01BA932380004633B /* RootViewController.xib */ = {isa = PBXFileReference; fileEncoding = 4; lastKnownFileType = file.xib; path = RootViewController.xib; sourceTree = "<group>"; };
		CEE08BF31BA932480004633B /* SecondViewController.h */ = {isa = PBXFileReference; fileEncoding = 4; lastKnownFileType = sourcecode.c.h; path = SecondViewController.h; sourceTree = "<group>"; };
		CEE08BF41BA932480004633B /* SecondViewController.m */ = {isa = PBXFileReference; fileEncoding = 4; lastKnownFileType = sourcecode.c.objc; path = SecondViewController.m; sourceTree = "<group>"; };
		CEE08BF51BA932480004633B /* SecondViewController.xib */ = {isa = PBXFileReference; fileEncoding = 4; lastKnownFileType = file.xib; path = SecondViewController.xib; sourceTree = "<group>"; };
		CEE08BF81BA932540004633B /* ThirdViewController.h */ = {isa = PBXFileReference; fileEncoding = 4; lastKnownFileType = sourcecode.c.h; path = ThirdViewController.h; sourceTree = "<group>"; };
		CEE08BF91BA932540004633B /* ThirdViewController.m */ = {isa = PBXFileReference; fileEncoding = 4; lastKnownFileType = sourcecode.c.objc; path = ThirdViewController.m; sourceTree = "<group>"; };
		CEE08BFA1BA932540004633B /* ThirdViewController.xib */ = {isa = PBXFileReference; fileEncoding = 4; lastKnownFileType = file.xib; path = ThirdViewController.xib; sourceTree = "<group>"; };
/* End PBXFileReference section */

/* Begin PBXFrameworksBuildPhase section */
		CEE08BD11BA931E60004633B /* Frameworks */ = {
			isa = PBXFrameworksBuildPhase;
			buildActionMask = 2147483647;
			files = (
			);
			runOnlyForDeploymentPostprocessing = 0;
		};
/* End PBXFrameworksBuildPhase section */

/* Begin PBXGroup section */
		CEE08BCB1BA931E60004633B = {
			isa = PBXGroup;
			children = (
				CEE08BD61BA931E60004633B /* NavigationExample */,
				CEE08BD51BA931E60004633B /* Products */,
			);
			sourceTree = "<group>";
		};
		CEE08BD51BA931E60004633B /* Products */ = {
			isa = PBXGroup;
			children = (
				CEE08BD41BA931E60004633B /* NavigationExample.app */,
			);
			name = Products;
			sourceTree = "<group>";
		};
		CEE08BD61BA931E60004633B /* NavigationExample */ = {
			isa = PBXGroup;
			children = (
				CEE08BDA1BA931E60004633B /* AppDelegate.h */,
				CEE08BDB1BA931E60004633B /* AppDelegate.m */,
				CEE08BE31BA931E60004633B /* Assets.xcassets */,
				CEE08BE51BA931E60004633B /* LaunchScreen.storyboard */,
				CEE08BE81BA931E60004633B /* Info.plist */,
				CEE08BD71BA931E60004633B /* Supporting Files */,
				CEE08BEE1BA932380004633B /* RootViewController.h */,
				CEE08BEF1BA932380004633B /* RootViewController.m */,
				CEE08BF01BA932380004633B /* RootViewController.xib */,
				CEE08BF31BA932480004633B /* SecondViewController.h */,
				CEE08BF41BA932480004633B /* SecondViewController.m */,
				CEE08BF51BA932480004633B /* SecondViewController.xib */,
				CEE08BF81BA932540004633B /* ThirdViewController.h */,
				CEE08BF91BA932540004633B /* ThirdViewController.m */,
				CEE08BFA1BA932540004633B /* ThirdViewController.xib */,
			);
			path = NavigationExample;
			sourceTree = "<group>";
		};
		CEE08BD71BA931E60004633B /* Supporting Files */ = {
			isa = PBXGroup;
			children = (
				CEE08BD81BA931E60004633B /* main.m */,
			);
			name = "Supporting Files";
			sourceTree = "<group>";
		};
/* End PBXGroup section */

/* Begin PBXNativeTarget section */
		CEE08BD31BA931E60004633B /* NavigationExample */ = {
			isa = PBXNativeTarget;
			buildConfigurationList = CEE08BEB1BA931E60004633B /* Build configuration list for PBXNativeTarget "NavigationExample" */;
			buildPhases = (
				CEE08BD01BA931E60004633B /* Sources */,
				CEE08BD11BA931E60004633B /* Frameworks */,
				CEE08BD21BA931E60004633B /* Resources */,
			);
			buildRules = (
			);
			dependencies = (
			);
			name = NavigationExample;
			productName = NavigationExample;
			productReference = CEE08BD41BA931E60004633B /* NavigationExample.app */;
			productType = "com.apple.product-type.application";
		};
/* End PBXNativeTarget section */

/* Begin PBXProject section */
		CEE08BCC1BA931E60004633B /* Project object */ = {
			isa = PBXProject;
			attributes = {
				LastUpgradeCheck = 0700;
				ORGANIZATIONNAME = nevard;
				TargetAttributes = {
					CEE08BD31BA931E60004633B = {
						CreatedOnToolsVersion = 7.0;
					};
				};
			};
			buildConfigurationList = CEE08BCF1BA931E60004633B /* Build configuration list for PBXProject "NavigationExample" */;
			compatibilityVersion = "Xcode 3.2";
			developmentRegion = English;
			hasScannedForEncodings = 0;
			knownRegions = (
				en,
				Base,
			);
			mainGroup = CEE08BCB1BA931E60004633B;
			productRefGroup = CEE08BD51BA931E60004633B /* Products */;
			projectDirPath = "";
			projectRoot = "";
			targets = (
				CEE08BD31BA931E60004633B /* NavigationExample */,
			);
		};
/* End PBXProject section */

/* Begin PBXResourcesBuildPhase section */
		CEE08BD21BA931E60004633B /* Resources */ = {
			isa = PBXResourcesBuildPhase;
			buildActionMask = 2147483647;
			files = (
				CEE08BF71BA932480004633B /* SecondViewController.xib in Resources */,
				CEE08BE71BA931E60004633B /* LaunchScreen.storyboard in Resources */,
				CEE08BE41BA931E60004633B /* Assets.xcassets in Resources */,
				CEE08BFC1BA932540004633B /* ThirdViewController.xib in Resources */,
				CEE08BF21BA932380004633B /* RootViewController.xib in Resources */,
			);
			runOnlyForDeploymentPostprocessing = 0;
		};
/* End PBXResourcesBuildPhase section */

/* Begin PBXSourcesBuildPhase section */
		CEE08BD01BA931E60004633B /* Sources */ = {
			isa = PBXSourcesBuildPhase;
			buildActionMask = 2147483647;
			files = (
				CEE08BF61BA932480004633B /* SecondViewController.m in Sources */,
				CEE08BFB1BA932540004633B /* ThirdViewController.m in Sources */,
				CEE08BDC1BA931E60004633B /* AppDelegate.m in Sources */,
				CEE08BD91BA931E60004633B /* main.m in Sources */,
				CEE08BF11BA932380004633B /* RootViewController.m in Sources */,
			);
			runOnlyForDeploymentPostprocessing = 0;
		};
/* End PBXSourcesBuildPhase section */

/* Begin PBXVariantGroup section */
		CEE08BE51BA931E60004633B /* LaunchScreen.storyboard */ = {
			isa = PBXVariantGroup;
			children = (
				CEE08BE61BA931E60004633B /* Base */,
			);
			name = LaunchScreen.storyboard;
			sourceTree = "<group>";
		};
/* End PBXVariantGroup section */

/* Begin XCBuildConfiguration section */
		CEE08BE91BA931E60004633B /* Debug */ = {
			isa = XCBuildConfiguration;
			buildSettings = {
				ALWAYS_SEARCH_USER_PATHS = NO;
				CLANG_CXX_LANGUAGE_STANDARD = "gnu++0x";
				CLANG_CXX_LIBRARY = "libc++";
				CLANG_ENABLE_MODULES = YES;
				CLANG_ENABLE_OBJC_ARC = YES;
				CLANG_WARN_BOOL_CONVERSION = YES;
				CLANG_WARN_CONSTANT_CONVERSION = YES;
				CLANG_WARN_DIRECT_OBJC_ISA_USAGE = YES_ERROR;
				CLANG_WARN_EMPTY_BODY = YES;
				CLANG_WARN_ENUM_CONVERSION = YES;
				CLANG_WARN_INT_CONVERSION = YES;
				CLANG_WARN_OBJC_ROOT_CLASS = YES_ERROR;
				CLANG_WARN_UNREACHABLE_CODE = YES;
				CLANG_WARN__DUPLICATE_METHOD_MATCH = YES;
				"CODE_SIGN_IDENTITY[sdk=iphoneos*]" = "iPhone Developer";
				COPY_PHASE_STRIP = NO;
				DEBUG_INFORMATION_FORMAT = dwarf;
				ENABLE_STRICT_OBJC_MSGSEND = YES;
				ENABLE_TESTABILITY = YES;
				GCC_C_LANGUAGE_STANDARD = gnu99;
				GCC_DYNAMIC_NO_PIC = NO;
				GCC_NO_COMMON_BLOCKS = YES;
				GCC_OPTIMIZATION_LEVEL = 0;
				GCC_PREPROCESSOR_DEFINITIONS = (
					"DEBUG=1",
					"$(inherited)",
				);
				GCC_WARN_64_TO_32_BIT_CONVERSION = YES;
				GCC_WARN_ABOUT_RETURN_TYPE = YES_ERROR;
				GCC_WARN_UNDECLARED_SELECTOR = YES;
				GCC_WARN_UNINITIALIZED_AUTOS = YES_AGGRESSIVE;
				GCC_WARN_UNUSED_FUNCTION = YES;
				GCC_WARN_UNUSED_VARIABLE = YES;
				IPHONEOS_DEPLOYMENT_TARGET = 9.0;
				MTL_ENABLE_DEBUG_INFO = YES;
				ONLY_ACTIVE_ARCH = YES;
				SDKROOT = iphoneos;
			};
			name = Debug;
		};
		CEE08BEA1BA931E60004633B /* Release */ = {
			isa = XCBuildConfiguration;
			buildSettings = {
				ALWAYS_SEARCH_USER_PATHS = NO;
				CLANG_CXX_LANGUAGE_STANDARD = "gnu++0x";
				CLANG_CXX_LIBRARY = "libc++";
				CLANG_ENABLE_MODULES = YES;
				CLANG_ENABLE_OBJC_ARC = YES;
				CLANG_WARN_BOOL_CONVERSION = YES;
				CLANG_WARN_CONSTANT_CONVERSION = YES;
				CLANG_WARN_DIRECT_OBJC_ISA_USAGE = YES_ERROR;
				CLANG_WARN_EMPTY_BODY = YES;
				CLANG_WARN_ENUM_CONVERSION = YES;
				CLANG_WARN_INT_CONVERSION = YES;
				CLANG_WARN_OBJC_ROOT_CLASS = YES_ERROR;
				CLANG_WARN_UNREACHABLE_CODE = YES;
				CLANG_WARN__DUPLICATE_METHOD_MATCH = YES;
				"CODE_SIGN_IDENTITY[sdk=iphoneos*]" = "iPhone Developer";
				COPY_PHASE_STRIP = NO;
				DEBUG_INFORMATION_FORMAT = "dwarf-with-dsym";
				ENABLE_NS_ASSERTIONS = NO;
				ENABLE_STRICT_OBJC_MSGSEND = YES;
				GCC_C_LANGUAGE_STANDARD = gnu99;
				GCC_NO_COMMON_BLOCKS = YES;
				GCC_WARN_64_TO_32_BIT_CONVERSION = YES;
				GCC_WARN_ABOUT_RETURN_TYPE = YES_ERROR;
				GCC_WARN_UNDECLARED_SELECTOR = YES;
				GCC_WARN_UNINITIALIZED_AUTOS = YES_AGGRESSIVE;
				GCC_WARN_UNUSED_FUNCTION = YES;
				GCC_WARN_UNUSED_VARIABLE = YES;
				IPHONEOS_DEPLOYMENT_TARGET = 9.0;
				MTL_ENABLE_DEBUG_INFO = NO;
				SDKROOT = iphoneos;
				VALIDATE_PRODUCT = YES;
			};
			name = Release;
		};
		CEE08BEC1BA931E60004633B /* Debug */ = {
			isa = XCBuildConfiguration;
			buildSettings = {
				ASSETCATALOG_COMPILER_APPICON_NAME = AppIcon;
				INFOPLIST_FILE = NavigationExample/Info.plist;
				LD_RUNPATH_SEARCH_PATHS = "$(inherited) @executable_path/Frameworks";
				PRODUCT_BUNDLE_IDENTIFIER = nevard.NavigationExample;
				PRODUCT_NAME = "$(TARGET_NAME)";
			};
			name = Debug;
		};
		CEE08BED1BA931E60004633B /* Release */ = {
			isa = XCBuildConfiguration;
			buildSettings = {
				ASSETCATALOG_COMPILER_APPICON_NAME = AppIcon;
				INFOPLIST_FILE = NavigationExample/Info.plist;
				LD_RUNPATH_SEARCH_PATHS = "$(inherited) @executable_path/Frameworks";
				PRODUCT_BUNDLE_IDENTIFIER = nevard.NavigationExample;
				PRODUCT_NAME = "$(TARGET_NAME)";
			};
			name = Release;
		};
/* End XCBuildConfiguration section */

/* Begin XCConfigurationList section */
		CEE08BCF1BA931E60004633B /* Build configuration list for PBXProject "NavigationExample" */ = {
			isa = XCConfigurationList;
			buildConfigurations = (
				CEE08BE91BA931E60004633B /* Debug */,
				CEE08BEA1BA931E60004633B /* Release */,
			);
			defaultConfigurationIsVisible = 0;
			defaultConfigurationName = Release;
		};
		CEE08BEB1BA931E60004633B /* Build configuration list for PBXNativeTarget "NavigationExample" */ = {
			isa = XCConfigurationList;
			buildConfigurations = (
				CEE08BEC1BA931E60004633B /* Debug */,
				CEE08BED1BA931E60004633B /* Release */,
			);
			defaultConfigurationIsVisible = 0;
		};
/* End XCConfigurationList section */
	};
	rootObject = CEE08BCC1BA931E60004633B /* Project object */;
}
